
Microsoft Visual Studio Solution File, Format Version 12.00
# Visual Studio Version 17
VisualStudioVersion = 17.14.36717.8 d17.14
MinimumVisualStudioVersion = 10.0.40219.1
Project("{FAE04EC0-301F-11D3-BF4B-00C04F79EFBC}") = "2.2-dars", "2.2-dars.csproj", "{592A8E57-90AA-457E-98C1-4E074F76AD7C}"
EndProject
Global
	GlobalSection(SolutionConfigurationPlatforms) = preSolution
		Debug|Any CPU = Debug|Any CPU
		Release|Any CPU = Release|Any CPU
	EndGlobalSection
	GlobalSection(ProjectConfigurationPlatforms) = postSolution
		{592A8E57-90AA-457E-98C1-4E074F76AD7C}.Debug|Any CPU.ActiveCfg = Debug|Any CPU
		{592A8E57-90AA-457E-98C1-4E074F76AD7C}.Debug|Any CPU.Build.0 = Debug|Any CPU
		{592A8E57-90AA-457E-98C1-4E074F76AD7C}.Release|Any CPU.ActiveCfg = Release|Any CPU
		{592A8E57-90AA-457E-98C1-4E074F76AD7C}.Release|Any CPU.Build.0 = Release|Any CPU
	EndGlobalSection
	GlobalSection(SolutionProperties) = preSolution
		HideSolutionNode = FALSE
	EndGlobalSection
	GlobalSection(ExtensibilityGlobals) = postSolution
		SolutionGuid = {0CF88289-5E65-47DF-B08A-F677175EE8F4}
	EndGlobalSection
EndGlobal
